
Microsoft Visual Studio Solution File, Format Version 12.00
# Visual Studio 15
VisualStudioVersion = 15.0.27703.2047
MinimumVisualStudioVersion = 10.0.40219.1
Project("{FAE04EC0-301F-11D3-BF4B-00C04F79EFBC}") = "MicD.Android", "MicD\MicD.Android\MicD.Android.csproj", "{FA3917D0-9363-4344-9963-49E4727C1394}"
EndProject
Project("{FAE04EC0-301F-11D3-BF4B-00C04F79EFBC}") = "MicD.iOS", "MicD\MicD.iOS\MicD.iOS.csproj", "{2C0B32F7-4809-4BFD-9A83-9B99E0AB7C7C}"
EndProject
Project("{FAE04EC0-301F-11D3-BF4B-00C04F79EFBC}") = "MicD.UWP", "MicD\MicD.UWP\MicD.UWP.csproj", "{06DF95CC-04C8-4DFF-8DCB-3C65366B8A90}"
EndProject
Project("{FAE04EC0-301F-11D3-BF4B-00C04F79EFBC}") = "MicD", "MicD\MicD\MicD.csproj", "{31F7DEC3-3F3B-44E5-A482-EE074F68EEF0}"
EndProject
Global
	GlobalSection(SolutionConfigurationPlatforms) = preSolution
		Ad-Hoc|Any CPU = Ad-Hoc|Any CPU
		Ad-Hoc|ARM = Ad-Hoc|ARM
		Ad-Hoc|iPhone = Ad-Hoc|iPhone
		Ad-Hoc|iPhoneSimulator = Ad-Hoc|iPhoneSimulator
		Ad-Hoc|x64 = Ad-Hoc|x64
		Ad-Hoc|x86 = Ad-Hoc|x86
		AppStore|Any CPU = AppStore|Any CPU
		AppStore|ARM = AppStore|ARM
		AppStore|iPhone = AppStore|iPhone
		AppStore|iPhoneSimulator = AppStore|iPhoneSimulator
		AppStore|x64 = AppStore|x64
		AppStore|x86 = AppStore|x86
		Debug|Any CPU = Debug|Any CPU
		Debug|ARM = Debug|ARM
		Debug|iPhone = Debug|iPhone
		Debug|iPhoneSimulator = Debug|iPhoneSimulator
		Debug|x64 = Debug|x64
		Debug|x86 = Debug|x86
		Release|Any CPU = Release|Any CPU
		Release|ARM = Release|ARM
		Release|iPhone = Release|iPhone
		Release|iPhoneSimulator = Release|iPhoneSimulator
		Release|x64 = Release|x64
		Release|x86 = Release|x86
	EndGlobalSection
	GlobalSection(ProjectConfigurationPlatforms) = postSolution
		{FA3917D0-9363-4344-9963-49E4727C1394}.Ad-Hoc|Any CPU.ActiveCfg = Release|Any CPU
		{FA3917D0-9363-4344-9963-49E4727C1394}.Ad-Hoc|Any CPU.Build.0 = Release|Any CPU
		{FA3917D0-9363-4344-9963-49E4727C1394}.Ad-Hoc|Any CPU.Deploy.0 = Release|Any CPU
		{FA3917D0-9363-4344-9963-49E4727C1394}.Ad-Hoc|ARM.ActiveCfg = Release|Any CPU
		{FA3917D0-9363-4344-9963-49E4727C1394}.Ad-Hoc|ARM.Build.0 = Release|Any CPU
		{FA3917D0-9363-4344-9963-49E4727C1394}.Ad-Hoc|ARM.Deploy.0 = Release|Any CPU
		{FA3917D0-9363-4344-9963-49E4727C1394}.Ad-Hoc|iPhone.ActiveCfg = Release|Any CPU
		{FA3917D0-9363-4344-9963-49E4727C1394}.Ad-Hoc|iPhone.Build.0 = Release|Any CPU
		{FA3917D0-9363-4344-9963-49E4727C1394}.Ad-Hoc|iPhone.Deploy.0 = Release|Any CPU
		{FA3917D0-9363-4344-9963-49E4727C1394}.Ad-Hoc|iPhoneSimulator.ActiveCfg = Release|Any CPU
		{FA3917D0-9363-4344-9963-49E4727C1394}.Ad-Hoc|iPhoneSimulator.Build.0 = Release|Any CPU
		{FA3917D0-9363-4344-9963-49E4727C1394}.Ad-Hoc|iPhoneSimulator.Deploy.0 = Release|Any CPU
		{FA3917D0-9363-4344-9963-49E4727C1394}.Ad-Hoc|x64.ActiveCfg = Release|Any CPU
		{FA3917D0-9363-4344-9963-49E4727C1394}.Ad-Hoc|x64.Build.0 = Release|Any CPU
		{FA3917D0-9363-4344-9963-49E4727C1394}.Ad-Hoc|x64.Deploy.0 = Release|Any CPU
		{FA3917D0-9363-4344-9963-49E4727C1394}.Ad-Hoc|x86.ActiveCfg = Release|Any CPU
		{FA3917D0-9363-4344-9963-49E4727C1394}.Ad-Hoc|x86.Build.0 = Release|Any CPU
		{FA3917D0-9363-4344-9963-49E4727C1394}.Ad-Hoc|x86.Deploy.0 = Release|Any CPU
		{FA3917D0-9363-4344-9963-49E4727C1394}.AppStore|Any CPU.ActiveCfg = Release|Any CPU
		{FA3917D0-9363-4344-9963-49E4727C1394}.AppStore|Any CPU.Build.0 = Release|Any CPU
		{FA3917D0-9363-4344-9963-49E4727C1394}.AppStore|Any CPU.Deploy.0 = Release|Any CPU
		{FA3917D0-9363-4344-9963-49E4727C1394}.AppStore|ARM.ActiveCfg = Release|Any CPU
		{FA3917D0-9363-4344-9963-49E4727C1394}.AppStore|ARM.Build.0 = Release|Any CPU
		{FA3917D0-9363-4344-9963-49E4727C1394}.AppStore|ARM.Deploy.0 = Release|Any CPU
		{FA3917D0-9363-4344-9963-49E4727C1394}.AppStore|iPhone.ActiveCfg = Release|Any CPU
		{FA3917D0-9363-4344-9963-49E4727C1394}.AppStore|iPhone.Build.0 = Release|Any CPU
		{FA3917D0-9363-4344-9963-49E4727C1394}.AppStore|iPhone.Deploy.0 = Release|Any CPU
		{FA3917D0-9363-4344-9963-49E4727C1394}.AppStore|iPhoneSimulator.ActiveCfg = Release|Any CPU
		{FA3917D0-9363-4344-9963-49E4727C1394}.AppStore|iPhoneSimulator.Build.0 = Release|Any CPU
		{FA3917D0-9363-4344-9963-49E4727C1394}.AppStore|iPhoneSimulator.Deploy.0 = Release|Any CPU
		{FA3917D0-9363-4344-9963-49E4727C1394}.AppStore|x64.ActiveCfg = Release|Any CPU
		{FA3917D0-9363-4344-9963-49E4727C1394}.AppStore|x64.Build.0 = Release|Any CPU
		{FA3917D0-9363-4344-9963-49E4727C1394}.AppStore|x64.Deploy.0 = Release|Any CPU
		{FA3917D0-9363-4344-9963-49E4727C1394}.AppStore|x86.ActiveCfg = Release|Any CPU
		{FA3917D0-9363-4344-9963-49E4727C1394}.AppStore|x86.Build.0 = Release|Any CPU
		{FA3917D0-9363-4344-9963-49E4727C1394}.AppStore|x86.Deploy.0 = Release|Any CPU
		{FA3917D0-9363-4344-9963-49E4727C1394}.Debug|Any CPU.ActiveCfg = Debug|Any CPU
		{FA3917D0-9363-4344-9963-49E4727C1394}.Debug|Any CPU.Build.0 = Debug|Any CPU
		{FA3917D0-9363-4344-9963-49E4727C1394}.Debug|Any CPU.Deploy.0 = Debug|Any CPU
		{FA3917D0-9363-4344-9963-49E4727C1394}.Debug|ARM.ActiveCfg = Debug|Any CPU
		{FA3917D0-9363-4344-9963-49E4727C1394}.Debug|ARM.Build.0 = Debug|Any CPU
		{FA3917D0-9363-4344-9963-49E4727C1394}.Debug|ARM.Deploy.0 = Debug|Any CPU
		{FA3917D0-9363-4344-9963-49E4727C1394}.Debug|iPhone.ActiveCfg = Debug|Any CPU
		{FA3917D0-9363-4344-9963-49E4727C1394}.Debug|iPhone.Build.0 = Debug|Any CPU
		{FA3917D0-9363-4344-9963-49E4727C1394}.Debug|iPhone.Deploy.0 = Debug|Any CPU
		{FA3917D0-9363-4344-9963-49E4727C1394}.Debug|iPhoneSimulator.ActiveCfg = Debug|Any CPU
		{FA3917D0-9363-4344-9963-49E4727C1394}.Debug|iPhoneSimulator.Build.0 = Debug|Any CPU
		{FA3917D0-9363-4344-9963-49E4727C1394}.Debug|iPhoneSimulator.Deploy.0 = Debug|Any CPU
		{FA3917D0-9363-4344-9963-49E4727C1394}.Debug|x64.ActiveCfg = Debug|Any CPU
		{FA3917D0-9363-4344-9963-49E4727C1394}.Debug|x64.Build.0 = Debug|Any CPU
		{FA3917D0-9363-4344-9963-49E4727C1394}.Debug|x64.Deploy.0 = Debug|Any CPU
		{FA3917D0-9363-4344-9963-49E4727C1394}.Debug|x86.ActiveCfg = Debug|Any CPU
		{FA3917D0-9363-4344-9963-49E4727C1394}.Debug|x86.Build.0 = Debug|Any CPU
		{FA3917D0-9363-4344-9963-49E4727C1394}.Debug|x86.Deploy.0 = Debug|Any CPU
		{FA3917D0-9363-4344-9963-49E4727C1394}.Release|Any CPU.ActiveCfg = Release|Any CPU
		{FA3917D0-9363-4344-9963-49E4727C1394}.Release|Any CPU.Build.0 = Release|Any CPU
		{FA3917D0-9363-4344-9963-49E4727C1394}.Release|Any CPU.Deploy.0 = Release|Any CPU
		{FA3917D0-9363-4344-9963-49E4727C1394}.Release|ARM.ActiveCfg = Release|Any CPU
		{FA3917D0-9363-4344-9963-49E4727C1394}.Release|ARM.Build.0 = Release|Any CPU
		{FA3917D0-9363-4344-9963-49E4727C1394}.Release|ARM.Deploy.0 = Release|Any CPU
		{FA3917D0-9363-4344-9963-49E4727C1394}.Release|iPhone.ActiveCfg = Release|Any CPU
		{FA3917D0-9363-4344-9963-49E4727C1394}.Release|iPhone.Build.0 = Release|Any CPU
		{FA3917D0-9363-4344-9963-49E4727C1394}.Release|iPhone.Deploy.0 = Release|Any CPU
		{FA3917D0-9363-4344-9963-49E4727C1394}.Release|iPhoneSimulator.ActiveCfg = Release|Any CPU
		{FA3917D0-9363-4344-9963-49E4727C1394}.Release|iPhoneSimulator.Build.0 = Release|Any CPU
		{FA3917D0-9363-4344-9963-49E4727C1394}.Release|iPhoneSimulator.Deploy.0 = Release|Any CPU
		{FA3917D0-9363-4344-9963-49E4727C1394}.Release|x64.ActiveCfg = Release|Any CPU
		{FA3917D0-9363-4344-9963-49E4727C1394}.Release|x64.Build.0 = Release|Any CPU
		{FA3917D0-9363-4344-9963-49E4727C1394}.Release|x64.Deploy.0 = Release|Any CPU
		{FA3917D0-9363-4344-9963-49E4727C1394}.Release|x86.ActiveCfg = Release|Any CPU
		{FA3917D0-9363-4344-9963-49E4727C1394}.Release|x86.Build.0 = Release|Any CPU
		{FA3917D0-9363-4344-9963-49E4727C1394}.Release|x86.Deploy.0 = Release|Any CPU
		{2C0B32F7-4809-4BFD-9A83-9B99E0AB7C7C}.Ad-Hoc|Any CPU.ActiveCfg = Ad-Hoc|iPhone
		{2C0B32F7-4809-4BFD-9A83-9B99E0AB7C7C}.Ad-Hoc|Any CPU.Build.0 = Ad-Hoc|iPhone
		{2C0B32F7-4809-4BFD-9A83-9B99E0AB7C7C}.Ad-Hoc|Any CPU.Deploy.0 = Ad-Hoc|iPhone
		{2C0B32F7-4809-4BFD-9A83-9B99E0AB7C7C}.Ad-Hoc|ARM.ActiveCfg = Ad-Hoc|iPhone
		{2C0B32F7-4809-4BFD-9A83-9B99E0AB7C7C}.Ad-Hoc|ARM.Build.0 = Ad-Hoc|iPhone
		{2C0B32F7-4809-4BFD-9A83-9B99E0AB7C7C}.Ad-Hoc|ARM.Deploy.0 = Ad-Hoc|iPhone
		{2C0B32F7-4809-4BFD-9A83-9B99E0AB7C7C}.Ad-Hoc|iPhone.ActiveCfg = Ad-Hoc|iPhone
		{2C0B32F7-4809-4BFD-9A83-9B99E0AB7C7C}.Ad-Hoc|iPhone.Build.0 = Ad-Hoc|iPhone
		{2C0B32F7-4809-4BFD-9A83-9B99E0AB7C7C}.Ad-Hoc|iPhone.Deploy.0 = Ad-Hoc|iPhone
		{2C0B32F7-4809-4BFD-9A83-9B99E0AB7C7C}.Ad-Hoc|iPhoneSimulator.ActiveCfg = Ad-Hoc|iPhoneSimulator
		{2C0B32F7-4809-4BFD-9A83-9B99E0AB7C7C}.Ad-Hoc|iPhoneSimulator.Build.0 = Ad-Hoc|iPhoneSimulator
		{2C0B32F7-4809-4BFD-9A83-9B99E0AB7C7C}.Ad-Hoc|iPhoneSimulator.Deploy.0 = Ad-Hoc|iPhoneSimulator
		{2C0B32F7-4809-4BFD-9A83-9B99E0AB7C7C}.Ad-Hoc|x64.ActiveCfg = Ad-Hoc|iPhone
		{2C0B32F7-4809-4BFD-9A83-9B99E0AB7C7C}.Ad-Hoc|x64.Build.0 = Ad-Hoc|iPhone
		{2C0B32F7-4809-4BFD-9A83-9B99E0AB7C7C}.Ad-Hoc|x64.Deploy.0 = Ad-Hoc|iPhone
		{2C0B32F7-4809-4BFD-9A83-9B99E0AB7C7C}.Ad-Hoc|x86.ActiveCfg = Ad-Hoc|iPhone
		{2C0B32F7-4809-4BFD-9A83-9B99E0AB7C7C}.Ad-Hoc|x86.Build.0 = Ad-Hoc|iPhone
		{2C0B32F7-4809-4BFD-9A83-9B99E0AB7C7C}.Ad-Hoc|x86.Deploy.0 = Ad-Hoc|iPhone
		{2C0B32F7-4809-4BFD-9A83-9B99E0AB7C7C}.AppStore|Any CPU.ActiveCfg = AppStore|iPhone
		{2C0B32F7-4809-4BFD-9A83-9B99E0AB7C7C}.AppStore|Any CPU.Build.0 = AppStore|iPhone
		{2C0B32F7-4809-4BFD-9A83-9B99E0AB7C7C}.AppStore|Any CPU.Deploy.0 = AppStore|iPhone
		{2C0B32F7-4809-4BFD-9A83-9B99E0AB7C7C}.AppStore|ARM.ActiveCfg = AppStore|iPhone
		{2C0B32F7-4809-4BFD-9A83-9B99E0AB7C7C}.AppStore|ARM.Build.0 = AppStore|iPhone
		{2C0B32F7-4809-4BFD-9A83-9B99E0AB7C7C}.AppStore|ARM.Deploy.0 = AppStore|iPhone
		{2C0B32F7-4809-4BFD-9A83-9B99E0AB7C7C}.AppStore|iPhone.ActiveCfg = AppStore|iPhone
		{2C0B32F7-4809-4BFD-9A83-9B99E0AB7C7C}.AppStore|iPhone.Build.0 = AppStore|iPhone
		{2C0B32F7-4809-4BFD-9A83-9B99E0AB7C7C}.AppStore|iPhone.Deploy.0 = AppStore|iPhone
		{2C0B32F7-4809-4BFD-9A83-9B99E0AB7C7C}.AppStore|iPhoneSimulator.ActiveCfg = AppStore|iPhoneSimulator
		{2C0B32F7-4809-4BFD-9A83-9B99E0AB7C7C}.AppStore|iPhoneSimulator.Build.0 = AppStore|iPhoneSimulator
		{2C0B32F7-4809-4BFD-9A83-9B99E0AB7C7C}.AppStore|iPhoneSimulator.Deploy.0 = AppStore|iPhoneSimulator
		{2C0B32F7-4809-4BFD-9A83-9B99E0AB7C7C}.AppStore|x64.ActiveCfg = AppStore|iPhone
		{2C0B32F7-4809-4BFD-9A83-9B99E0AB7C7C}.AppStore|x64.Build.0 = AppStore|iPhone
		{2C0B32F7-4809-4BFD-9A83-9B99E0AB7C7C}.AppStore|x64.Deploy.0 = AppStore|iPhone
		{2C0B32F7-4809-4BFD-9A83-9B99E0AB7C7C}.AppStore|x86.ActiveCfg = AppStore|iPhone
		{2C0B32F7-4809-4BFD-9A83-9B99E0AB7C7C}.AppStore|x86.Build.0 = AppStore|iPhone
		{2C0B32F7-4809-4BFD-9A83-9B99E0AB7C7C}.AppStore|x86.Deploy.0 = AppStore|iPhone
		{2C0B32F7-4809-4BFD-9A83-9B99E0AB7C7C}.Debug|Any CPU.ActiveCfg = Debug|iPhoneSimulator
		{2C0B32F7-4809-4BFD-9A83-9B99E0AB7C7C}.Debug|Any CPU.Build.0 = Debug|iPhoneSimulator
		{2C0B32F7-4809-4BFD-9A83-9B99E0AB7C7C}.Debug|Any CPU.Deploy.0 = Debug|iPhoneSimulator
		{2C0B32F7-4809-4BFD-9A83-9B99E0AB7C7C}.Debug|ARM.ActiveCfg = Debug|iPhone
		{2C0B32F7-4809-4BFD-9A83-9B99E0AB7C7C}.Debug|ARM.Build.0 = Debug|iPhone
		{2C0B32F7-4809-4BFD-9A83-9B99E0AB7C7C}.Debug|ARM.Deploy.0 = Debug|iPhone
		{2C0B32F7-4809-4BFD-9A83-9B99E0AB7C7C}.Debug|iPhone.ActiveCfg = Debug|iPhone
		{2C0B32F7-4809-4BFD-9A83-9B99E0AB7C7C}.Debug|iPhone.Build.0 = Debug|iPhone
		{2C0B32F7-4809-4BFD-9A83-9B99E0AB7C7C}.Debug|iPhone.Deploy.0 = Debug|iPhone
		{2C0B32F7-4809-4BFD-9A83-9B99E0AB7C7C}.Debug|iPhoneSimulator.ActiveCfg = Debug|iPhoneSimulator
		{2C0B32F7-4809-4BFD-9A83-9B99E0AB7C7C}.Debug|iPhoneSimulator.Build.0 = Debug|iPhoneSimulator
		{2C0B32F7-4809-4BFD-9A83-9B99E0AB7C7C}.Debug|iPhoneSimulator.Deploy.0 = Debug|iPhoneSimulator
		{2C0B32F7-4809-4BFD-9A83-9B99E0AB7C7C}.Debug|x64.ActiveCfg = Debug|iPhone
		{2C0B32F7-4809-4BFD-9A83-9B99E0AB7C7C}.Debug|x64.Build.0 = Debug|iPhone
		{2C0B32F7-4809-4BFD-9A83-9B99E0AB7C7C}.Debug|x64.Deploy.0 = Debug|iPhone
		{2C0B32F7-4809-4BFD-9A83-9B99E0AB7C7C}.Debug|x86.ActiveCfg = Debug|iPhone
		{2C0B32F7-4809-4BFD-9A83-9B99E0AB7C7C}.Debug|x86.Build.0 = Debug|iPhone
		{2C0B32F7-4809-4BFD-9A83-9B99E0AB7C7C}.Debug|x86.Deploy.0 = Debug|iPhone
		{2C0B32F7-4809-4BFD-9A83-9B99E0AB7C7C}.Release|Any CPU.ActiveCfg = Release|iPhone
		{2C0B32F7-4809-4BFD-9A83-9B99E0AB7C7C}.Release|Any CPU.Build.0 = Release|iPhone
		{2C0B32F7-4809-4BFD-9A83-9B99E0AB7C7C}.Release|Any CPU.Deploy.0 = Release|iPhone
		{2C0B32F7-4809-4BFD-9A83-9B99E0AB7C7C}.Release|ARM.ActiveCfg = Release|iPhone
		{2C0B32F7-4809-4BFD-9A83-9B99E0AB7C7C}.Release|ARM.Build.0 = Release|iPhone
		{2C0B32F7-4809-4BFD-9A83-9B99E0AB7C7C}.Release|ARM.Deploy.0 = Release|iPhone
		{2C0B32F7-4809-4BFD-9A83-9B99E0AB7C7C}.Release|iPhone.ActiveCfg = Release|iPhone
		{2C0B32F7-4809-4BFD-9A83-9B99E0AB7C7C}.Release|iPhone.Build.0 = Release|iPhone
		{2C0B32F7-4809-4BFD-9A83-9B99E0AB7C7C}.Release|iPhone.Deploy.0 = Release|iPhone
		{2C0B32F7-4809-4BFD-9A83-9B99E0AB7C7C}.Release|iPhoneSimulator.ActiveCfg = Release|iPhoneSimulator
		{2C0B32F7-4809-4BFD-9A83-9B99E0AB7C7C}.Release|iPhoneSimulator.Build.0 = Release|iPhoneSimulator
		{2C0B32F7-4809-4BFD-9A83-9B99E0AB7C7C}.Release|iPhoneSimulator.Deploy.0 = Release|iPhoneSimulator
		{2C0B32F7-4809-4BFD-9A83-9B99E0AB7C7C}.Release|x64.ActiveCfg = Release|iPhone
		{2C0B32F7-4809-4BFD-9A83-9B99E0AB7C7C}.Release|x64.Build.0 = Release|iPhone
		{2C0B32F7-4809-4BFD-9A83-9B99E0AB7C7C}.Release|x64.Deploy.0 = Release|iPhone
		{2C0B32F7-4809-4BFD-9A83-9B99E0AB7C7C}.Release|x86.ActiveCfg = Release|iPhone
		{2C0B32F7-4809-4BFD-9A83-9B99E0AB7C7C}.Release|x86.Build.0 = Release|iPhone
		{2C0B32F7-4809-4BFD-9A83-9B99E0AB7C7C}.Release|x86.Deploy.0 = Release|iPhone
		{06DF95CC-04C8-4DFF-8DCB-3C65366B8A90}.Ad-Hoc|Any CPU.ActiveCfg = Release|x86
		{06DF95CC-04C8-4DFF-8DCB-3C65366B8A90}.Ad-Hoc|Any CPU.Build.0 = Release|x86
		{06DF95CC-04C8-4DFF-8DCB-3C65366B8A90}.Ad-Hoc|Any CPU.Deploy.0 = Release|x86
		{06DF95CC-04C8-4DFF-8DCB-3C65366B8A90}.Ad-Hoc|ARM.ActiveCfg = Release|ARM
		{06DF95CC-04C8-4DFF-8DCB-3C65366B8A90}.Ad-Hoc|ARM.Build.0 = Release|ARM
		{06DF95CC-04C8-4DFF-8DCB-3C65366B8A90}.Ad-Hoc|ARM.Deploy.0 = Release|ARM
		{06DF95CC-04C8-4DFF-8DCB-3C65366B8A90}.Ad-Hoc|iPhone.ActiveCfg = Release|x86
		{06DF95CC-04C8-4DFF-8DCB-3C65366B8A90}.Ad-Hoc|iPhone.Build.0 = Release|x86
		{06DF95CC-04C8-4DFF-8DCB-3C65366B8A90}.Ad-Hoc|iPhone.Deploy.0 = Release|x86
		{06DF95CC-04C8-4DFF-8DCB-3C65366B8A90}.Ad-Hoc|iPhoneSimulator.ActiveCfg = Release|x86
		{06DF95CC-04C8-4DFF-8DCB-3C65366B8A90}.Ad-Hoc|iPhoneSimulator.Build.0 = Release|x86
		{06DF95CC-04C8-4DFF-8DCB-3C65366B8A90}.Ad-Hoc|iPhoneSimulator.Deploy.0 = Release|x86
		{06DF95CC-04C8-4DFF-8DCB-3C65366B8A90}.Ad-Hoc|x64.ActiveCfg = Release|x64
		{06DF95CC-04C8-4DFF-8DCB-3C65366B8A90}.Ad-Hoc|x64.Build.0 = Release|x64
		{06DF95CC-04C8-4DFF-8DCB-3C65366B8A90}.Ad-Hoc|x64.Deploy.0 = Release|x64
		{06DF95CC-04C8-4DFF-8DCB-3C65366B8A90}.Ad-Hoc|x86.ActiveCfg = Release|x86
		{06DF95CC-04C8-4DFF-8DCB-3C65366B8A90}.Ad-Hoc|x86.Build.0 = Release|x86
		{06DF95CC-04C8-4DFF-8DCB-3C65366B8A90}.Ad-Hoc|x86.Deploy.0 = Release|x86
		{06DF95CC-04C8-4DFF-8DCB-3C65366B8A90}.AppStore|Any CPU.ActiveCfg = Release|x86
		{06DF95CC-04C8-4DFF-8DCB-3C65366B8A90}.AppStore|Any CPU.Build.0 = Release|x86
		{06DF95CC-04C8-4DFF-8DCB-3C65366B8A90}.AppStore|Any CPU.Deploy.0 = Release|x86
		{06DF95CC-04C8-4DFF-8DCB-3C65366B8A90}.AppStore|ARM.ActiveCfg = Release|ARM
		{06DF95CC-04C8-4DFF-8DCB-3C65366B8A90}.AppStore|ARM.Build.0 = Release|ARM
		{06DF95CC-04C8-4DFF-8DCB-3C65366B8A90}.AppStore|ARM.Deploy.0 = Release|ARM
		{06DF95CC-04C8-4DFF-8DCB-3C65366B8A90}.AppStore|iPhone.ActiveCfg = Release|x86
		{06DF95CC-04C8-4DFF-8DCB-3C65366B8A90}.AppStore|iPhone.Build.0 = Release|x86
		{06DF95CC-04C8-4DFF-8DCB-3C65366B8A90}.AppStore|iPhone.Deploy.0 = Release|x86
		{06DF95CC-04C8-4DFF-8DCB-3C65366B8A90}.AppStore|iPhoneSimulator.ActiveCfg = Release|x86
		{06DF95CC-04C8-4DFF-8DCB-3C65366B8A90}.AppStore|iPhoneSimulator.Build.0 = Release|x86
		{06DF95CC-04C8-4DFF-8DCB-3C65366B8A90}.AppStore|iPhoneSimulator.Deploy.0 = Release|x86
		{06DF95CC-04C8-4DFF-8DCB-3C65366B8A90}.AppStore|x64.ActiveCfg = Release|x64
		{06DF95CC-04C8-4DFF-8DCB-3C65366B8A90}.AppStore|x64.Build.0 = Release|x64
		{06DF95CC-04C8-4DFF-8DCB-3C65366B8A90}.AppStore|x64.Deploy.0 = Release|x64
		{06DF95CC-04C8-4DFF-8DCB-3C65366B8A90}.AppStore|x86.ActiveCfg = Release|x86
		{06DF95CC-04C8-4DFF-8DCB-3C65366B8A90}.AppStore|x86.Build.0 = Release|x86
		{06DF95CC-04C8-4DFF-8DCB-3C65366B8A90}.AppStore|x86.Deploy.0 = Release|x86
		{06DF95CC-04C8-4DFF-8DCB-3C65366B8A90}.Debug|Any CPU.ActiveCfg = Debug|x86
		{06DF95CC-04C8-4DFF-8DCB-3C65366B8A90}.Debug|Any CPU.Build.0 = Debug|x86
		{06DF95CC-04C8-4DFF-8DCB-3C65366B8A90}.Debug|Any CPU.Deploy.0 = Debug|x86
		{06DF95CC-04C8-4DFF-8DCB-3C65366B8A90}.Debug|ARM.ActiveCfg = Debug|ARM
		{06DF95CC-04C8-4DFF-8DCB-3C65366B8A90}.Debug|ARM.Build.0 = Debug|ARM
		{06DF95CC-04C8-4DFF-8DCB-3C65366B8A90}.Debug|ARM.Deploy.0 = Debug|ARM
		{06DF95CC-04C8-4DFF-8DCB-3C65366B8A90}.Debug|iPhone.ActiveCfg = Debug|x86
		{06DF95CC-04C8-4DFF-8DCB-3C65366B8A90}.Debug|iPhone.Build.0 = Debug|x86
		{06DF95CC-04C8-4DFF-8DCB-3C65366B8A90}.Debug|iPhone.Deploy.0 = Debug|x86
		{06DF95CC-04C8-4DFF-8DCB-3C65366B8A90}.Debug|iPhoneSimulator.ActiveCfg = Debug|x86
		{06DF95CC-04C8-4DFF-8DCB-3C65366B8A90}.Debug|iPhoneSimulator.Build.0 = Debug|x86
		{06DF95CC-04C8-4DFF-8DCB-3C65366B8A90}.Debug|iPhoneSimulator.Deploy.0 = Debug|x86
		{06DF95CC-04C8-4DFF-8DCB-3C65366B8A90}.Debug|x64.ActiveCfg = Debug|x64
		{06DF95CC-04C8-4DFF-8DCB-3C65366B8A90}.Debug|x64.Build.0 = Debug|x64
		{06DF95CC-04C8-4DFF-8DCB-3C65366B8A90}.Debug|x64.Deploy.0 = Debug|x64
		{06DF95CC-04C8-4DFF-8DCB-3C65366B8A90}.Debug|x86.ActiveCfg = Debug|x86
		{06DF95CC-04C8-4DFF-8DCB-3C65366B8A90}.Debug|x86.Build.0 = Debug|x86
		{06DF95CC-04C8-4DFF-8DCB-3C65366B8A90}.Debug|x86.Deploy.0 = Debug|x86
		{06DF95CC-04C8-4DFF-8DCB-3C65366B8A90}.Release|Any CPU.ActiveCfg = Release|x86
		{06DF95CC-04C8-4DFF-8DCB-3C65366B8A90}.Release|Any CPU.Build.0 = Release|x86
		{06DF95CC-04C8-4DFF-8DCB-3C65366B8A90}.Release|Any CPU.Deploy.0 = Release|x86
		{06DF95CC-04C8-4DFF-8DCB-3C65366B8A90}.Release|ARM.ActiveCfg = Release|ARM
		{06DF95CC-04C8-4DFF-8DCB-3C65366B8A90}.Release|ARM.Build.0 = Release|ARM
		{06DF95CC-04C8-4DFF-8DCB-3C65366B8A90}.Release|ARM.Deploy.0 = Release|ARM
		{06DF95CC-04C8-4DFF-8DCB-3C65366B8A90}.Release|iPhone.ActiveCfg = Release|x86
		{06DF95CC-04C8-4DFF-8DCB-3C65366B8A90}.Release|iPhone.Build.0 = Release|x86
		{06DF95CC-04C8-4DFF-8DCB-3C65366B8A90}.Release|iPhone.Deploy.0 = Release|x86
		{06DF95CC-04C8-4DFF-8DCB-3C65366B8A90}.Release|iPhoneSimulator.ActiveCfg = Release|x86
		{06DF95CC-04C8-4DFF-8DCB-3C65366B8A90}.Release|iPhoneSimulator.Build.0 = Release|x86
		{06DF95CC-04C8-4DFF-8DCB-3C65366B8A90}.Release|iPhoneSimulator.Deploy.0 = Release|x86
		{06DF95CC-04C8-4DFF-8DCB-3C65366B8A90}.Release|x64.ActiveCfg = Release|x64
		{06DF95CC-04C8-4DFF-8DCB-3C65366B8A90}.Release|x64.Build.0 = Release|x64
		{06DF95CC-04C8-4DFF-8DCB-3C65366B8A90}.Release|x64.Deploy.0 = Release|x64
		{06DF95CC-04C8-4DFF-8DCB-3C65366B8A90}.Release|x86.ActiveCfg = Release|x86
		{06DF95CC-04C8-4DFF-8DCB-3C65366B8A90}.Release|x86.Build.0 = Release|x86
		{06DF95CC-04C8-4DFF-8DCB-3C65366B8A90}.Release|x86.Deploy.0 = Release|x86
		{31F7DEC3-3F3B-44E5-A482-EE074F68EEF0}.Ad-Hoc|Any CPU.ActiveCfg = Debug|Any CPU
		{31F7DEC3-3F3B-44E5-A482-EE074F68EEF0}.Ad-Hoc|Any CPU.Build.0 = Debug|Any CPU
		{31F7DEC3-3F3B-44E5-A482-EE074F68EEF0}.Ad-Hoc|Any CPU.Deploy.0 = Debug|Any CPU
		{31F7DEC3-3F3B-44E5-A482-EE074F68EEF0}.Ad-Hoc|ARM.ActiveCfg = Debug|Any CPU
		{31F7DEC3-3F3B-44E5-A482-EE074F68EEF0}.Ad-Hoc|ARM.Build.0 = Debug|Any CPU
		{31F7DEC3-3F3B-44E5-A482-EE074F68EEF0}.Ad-Hoc|ARM.Deploy.0 = Debug|Any CPU
		{31F7DEC3-3F3B-44E5-A482-EE074F68EEF0}.Ad-Hoc|iPhone.ActiveCfg = Debug|Any CPU
		{31F7DEC3-3F3B-44E5-A482-EE074F68EEF0}.Ad-Hoc|iPhone.Build.0 = Debug|Any CPU
		{31F7DEC3-3F3B-44E5-A482-EE074F68EEF0}.Ad-Hoc|iPhone.Deploy.0 = Debug|Any CPU
		{31F7DEC3-3F3B-44E5-A482-EE074F68EEF0}.Ad-Hoc|iPhoneSimulator.ActiveCfg = Debug|Any CPU
		{31F7DEC3-3F3B-44E5-A482-EE074F68EEF0}.Ad-Hoc|iPhoneSimulator.Build.0 = Debug|Any CPU
		{31F7DEC3-3F3B-44E5-A482-EE074F68EEF0}.Ad-Hoc|iPhoneSimulator.Deploy.0 = Debug|Any CPU
		{31F7DEC3-3F3B-44E5-A482-EE074F68EEF0}.Ad-Hoc|x64.ActiveCfg = Debug|Any CPU
		{31F7DEC3-3F3B-44E5-A482-EE074F68EEF0}.Ad-Hoc|x64.Build.0 = Debug|Any CPU
		{31F7DEC3-3F3B-44E5-A482-EE074F68EEF0}.Ad-Hoc|x64.Deploy.0 = Debug|Any CPU
		{31F7DEC3-3F3B-44E5-A482-EE074F68EEF0}.Ad-Hoc|x86.ActiveCfg = Debug|Any CPU
		{31F7DEC3-3F3B-44E5-A482-EE074F68EEF0}.Ad-Hoc|x86.Build.0 = Debug|Any CPU
		{31F7DEC3-3F3B-44E5-A482-EE074F68EEF0}.Ad-Hoc|x86.Deploy.0 = Debug|Any CPU
		{31F7DEC3-3F3B-44E5-A482-EE074F68EEF0}.AppStore|Any CPU.ActiveCfg = Debug|Any CPU
		{31F7DEC3-3F3B-44E5-A482-EE074F68EEF0}.AppStore|Any CPU.Build.0 = Debug|Any CPU
		{31F7DEC3-3F3B-44E5-A482-EE074F68EEF0}.AppStore|Any CPU.Deploy.0 = Debug|Any CPU
		{31F7DEC3-3F3B-44E5-A482-EE074F68EEF0}.AppStore|ARM.ActiveCfg = Debug|Any CPU
		{31F7DEC3-3F3B-44E5-A482-EE074F68EEF0}.AppStore|ARM.Build.0 = Debug|Any CPU
		{31F7DEC3-3F3B-44E5-A482-EE074F68EEF0}.AppStore|ARM.Deploy.0 = Debug|Any CPU
		{31F7DEC3-3F3B-44E5-A482-EE074F68EEF0}.AppStore|iPhone.ActiveCfg = Debug|Any CPU
		{31F7DEC3-3F3B-44E5-A482-EE074F68EEF0}.AppStore|iPhone.Build.0 = Debug|Any CPU
		{31F7DEC3-3F3B-44E5-A482-EE074F68EEF0}.AppStore|iPhone.Deploy.0 = Debug|Any CPU
		{31F7DEC3-3F3B-44E5-A482-EE074F68EEF0}.AppStore|iPhoneSimulator.ActiveCfg = Debug|Any CPU
		{31F7DEC3-3F3B-44E5-A482-EE074F68EEF0}.AppStore|iPhoneSimulator.Build.0 = Debug|Any CPU
		{31F7DEC3-3F3B-44E5-A482-EE074F68EEF0}.AppStore|iPhoneSimulator.Deploy.0 = Debug|Any CPU
		{31F7DEC3-3F3B-44E5-A482-EE074F68EEF0}.AppStore|x64.ActiveCfg = Debug|Any CPU
		{31F7DEC3-3F3B-44E5-A482-EE074F68EEF0}.AppStore|x64.Build.0 = Debug|Any CPU
		{31F7DEC3-3F3B-44E5-A482-EE074F68EEF0}.AppStore|x64.Deploy.0 = Debug|Any CPU
		{31F7DEC3-3F3B-44E5-A482-EE074F68EEF0}.AppStore|x86.ActiveCfg = Debug|Any CPU
		{31F7DEC3-3F3B-44E5-A482-EE074F68EEF0}.AppStore|x86.Build.0 = Debug|Any CPU
		{31F7DEC3-3F3B-44E5-A482-EE074F68EEF0}.AppStore|x86.Deploy.0 = Debug|Any CPU
		{31F7DEC3-3F3B-44E5-A482-EE074F68EEF0}.Debug|Any CPU.ActiveCfg = Debug|Any CPU
		{31F7DEC3-3F3B-44E5-A482-EE074F68EEF0}.Debug|Any CPU.Build.0 = Debug|Any CPU
		{31F7DEC3-3F3B-44E5-A482-EE074F68EEF0}.Debug|Any CPU.Deploy.0 = Debug|Any CPU
		{31F7DEC3-3F3B-44E5-A482-EE074F68EEF0}.Debug|ARM.ActiveCfg = Debug|Any CPU
		{31F7DEC3-3F3B-44E5-A482-EE074F68EEF0}.Debug|ARM.Build.0 = Debug|Any CPU
		{31F7DEC3-3F3B-44E5-A482-EE074F68EEF0}.Debug|ARM.Deploy.0 = Debug|Any CPU
		{31F7DEC3-3F3B-44E5-A482-EE074F68EEF0}.Debug|iPhone.ActiveCfg = Debug|Any CPU
		{31F7DEC3-3F3B-44E5-A482-EE074F68EEF0}.Debug|iPhone.Build.0 = Debug|Any CPU
		{31F7DEC3-3F3B-44E5-A482-EE074F68EEF0}.Debug|iPhone.Deploy.0 = Debug|Any CPU
		{31F7DEC3-3F3B-44E5-A482-EE074F68EEF0}.Debug|iPhoneSimulator.ActiveCfg = Debug|Any CPU
		{31F7DEC3-3F3B-44E5-A482-EE074F68EEF0}.Debug|iPhoneSimulator.Build.0 = Debug|Any CPU
		{31F7DEC3-3F3B-44E5-A482-EE074F68EEF0}.Debug|iPhoneSimulator.Deploy.0 = Debug|Any CPU
		{31F7DEC3-3F3B-44E5-A482-EE074F68EEF0}.Debug|x64.ActiveCfg = Debug|Any CPU
		{31F7DEC3-3F3B-44E5-A482-EE074F68EEF0}.Debug|x64.Build.0 = Debug|Any CPU
		{31F7DEC3-3F3B-44E5-A482-EE074F68EEF0}.Debug|x64.Deploy.0 = Debug|Any CPU
		{31F7DEC3-3F3B-44E5-A482-EE074F68EEF0}.Debug|x86.ActiveCfg = Debug|Any CPU
		{31F7DEC3-3F3B-44E5-A482-EE074F68EEF0}.Debug|x86.Build.0 = Debug|Any CPU
		{31F7DEC3-3F3B-44E5-A482-EE074F68EEF0}.Debug|x86.Deploy.0 = Debug|Any CPU
		{31F7DEC3-3F3B-44E5-A482-EE074F68EEF0}.Release|Any CPU.ActiveCfg = Release|Any CPU
		{31F7DEC3-3F3B-44E5-A482-EE074F68EEF0}.Release|Any CPU.Build.0 = Release|Any CPU
		{31F7DEC3-3F3B-44E5-A482-EE074F68EEF0}.Release|Any CPU.Deploy.0 = Release|Any CPU
		{31F7DEC3-3F3B-44E5-A482-EE074F68EEF0}.Release|ARM.ActiveCfg = Release|Any CPU
		{31F7DEC3-3F3B-44E5-A482-EE074F68EEF0}.Release|ARM.Build.0 = Release|Any CPU
		{31F7DEC3-3F3B-44E5-A482-EE074F68EEF0}.Release|ARM.Deploy.0 = Release|Any CPU
		{31F7DEC3-3F3B-44E5-A482-EE074F68EEF0}.Release|iPhone.ActiveCfg = Release|Any CPU
		{31F7DEC3-3F3B-44E5-A482-EE074F68EEF0}.Release|iPhone.Build.0 = Release|Any CPU
		{31F7DEC3-3F3B-44E5-A482-EE074F68EEF0}.Release|iPhone.Deploy.0 = Release|Any CPU
		{31F7DEC3-3F3B-44E5-A482-EE074F68EEF0}.Release|iPhoneSimulator.ActiveCfg = Release|Any CPU
		{31F7DEC3-3F3B-44E5-A482-EE074F68EEF0}.Release|iPhoneSimulator.Build.0 = Release|Any CPU
		{31F7DEC3-3F3B-44E5-A482-EE074F68EEF0}.Release|iPhoneSimulator.Deploy.0 = Release|Any CPU
		{31F7DEC3-3F3B-44E5-A482-EE074F68EEF0}.Release|x64.ActiveCfg = Release|Any CPU
		{31F7DEC3-3F3B-44E5-A482-EE074F68EEF0}.Release|x64.Build.0 = Release|Any CPU
		{31F7DEC3-3F3B-44E5-A482-EE074F68EEF0}.Release|x64.Deploy.0 = Release|Any CPU
		{31F7DEC3-3F3B-44E5-A482-EE074F68EEF0}.Release|x86.ActiveCfg = Release|Any CPU
		{31F7DEC3-3F3B-44E5-A482-EE074F68EEF0}.Release|x86.Build.0 = Release|Any CPU
		{31F7DEC3-3F3B-44E5-A482-EE074F68EEF0}.Release|x86.Deploy.0 = Release|Any CPU
	EndGlobalSection
	GlobalSection(SolutionProperties) = preSolution
		HideSolutionNode = FALSE
	EndGlobalSection
	GlobalSection(ExtensibilityGlobals) = postSolution
		SolutionGuid = {3E6A0F68-E9D7-4DD1-A745-FB1767713109}
	EndGlobalSection
EndGlobal
